
Microsoft Visual Studio Solution File, Format Version 12.00
# Visual Studio Version 17
VisualStudioVersion = 17.6.33723.286
MinimumVisualStudioVersion = 10.0.40219.1
Project("{FAE04EC0-301F-11D3-BF4B-00C04F79EFBC}") = "WPF01", "WPF01\WPF01.csproj", "{13142D61-FF7B-4D9D-8BF0-1A77C913C138}"
EndProject
Global
	GlobalSection(SolutionConfigurationPlatforms) = preSolution
		Debug|Any CPU = Debug|Any CPU
		Release|Any CPU = Release|Any CPU
	EndGlobalSection
	GlobalSection(ProjectConfigurationPlatforms) = postSolution
		{13142D61-FF7B-4D9D-8BF0-1A77C913C138}.Debug|Any CPU.ActiveCfg = Debug|Any CPU
		{13142D61-FF7B-4D9D-8BF0-1A77C913C138}.Debug|Any CPU.Build.0 = Debug|Any CPU
		{13142D61-FF7B-4D9D-8BF0-1A77C913C138}.Release|Any CPU.ActiveCfg = Release|Any CPU
		{13142D61-FF7B-4D9D-8BF0-1A77C913C138}.Release|Any CPU.Build.0 = Release|Any CPU
	EndGlobalSection
	GlobalSection(SolutionProperties) = preSolution
		HideSolutionNode = FALSE
	EndGlobalSection
	GlobalSection(ExtensibilityGlobals) = postSolution
		SolutionGuid = {9D345409-4B82-4393-8C63-99E737DEBC02}
	EndGlobalSection
EndGlobal
